
Microsoft Visual Studio Solution File, Format Version 12.00
# Visual Studio Version 16
VisualStudioVersion = 16.0.32510.428
MinimumVisualStudioVersion = 10.0.40219.1
Project("{FAE04EC0-301F-11D3-BF4B-00C04F79EFBC}") = "LearningClock", "LearningClock\LearningClock.csproj", "{47473D10-B59E-4565-9CAE-4FB1B4AF1EF2}"
EndProject
Global
	GlobalSection(SolutionConfigurationPlatforms) = preSolution
		Debug|Any CPU = Debug|Any CPU
		Release|Any CPU = Release|Any CPU
	EndGlobalSection
	GlobalSection(ProjectConfigurationPlatforms) = postSolution
		{47473D10-B59E-4565-9CAE-4FB1B4AF1EF2}.Debug|Any CPU.ActiveCfg = Debug|Any CPU
		{47473D10-B59E-4565-9CAE-4FB1B4AF1EF2}.Debug|Any CPU.Build.0 = Debug|Any CPU
		{47473D10-B59E-4565-9CAE-4FB1B4AF1EF2}.Release|Any CPU.ActiveCfg = Release|Any CPU
		{47473D10-B59E-4565-9CAE-4FB1B4AF1EF2}.Release|Any CPU.Build.0 = Release|Any CPU
	EndGlobalSection
	GlobalSection(SolutionProperties) = preSolution
		HideSolutionNode = FALSE
	EndGlobalSection
	GlobalSection(ExtensibilityGlobals) = postSolution
		SolutionGuid = {9FA2814E-A908-4B98-830F-9943BDCF125A}
	EndGlobalSection
EndGlobal
